dependencies:
  espressif/esp-idf-cxx:
    component_hash: 2fa63e4e725f0c2d3dd6d99da8a91d404b4b49667088b1be0f336eb9c13ff17f
    source:
      service_url: https://api.components.espressif.com/
      type: service
    version: 1.0.2-beta
  espressif/mdns:
    component_hash: 090826401d30f756037f91d91068f470ba8d0ef04fe507d3aa8761305cecd7ca
    source:
      service_url: https://api.components.espressif.com/
      type: service
    version: 1.2.3
  idf:
    component_hash: null
    source:
      type: idf
    version: 5.2.0
  nnctroboticsclub/libstm-ota:
    component_hash: c2bb7b56036e0fa0269677baa7b53e4bd475543d50c053007e10dd63cc2591b5
    source:
      git: ssh://git@github.com/nnctroboticsclub/libstm-ota.git
      path: .
      type: git
    version: 961edb45582281712fe393f5769e8e3603b6271f
  nnctroboticsclub/stream-base:
    component_hash: a855f54e26f7d503d858baff5c0a8ccc152a84225540a32c6b2c5793970ca2dc
    source:
      git: ssh://git@github.com/nnctroboticsclub/stream-base.git
      path: .
      type: git
    version: 6442fc50226f2a96c994fa84cccf413be52a0f31
  ok-home/logic-analyzer:
    component_hash: 80824716308ad222489be561dfaf2b70f279ee82b1b56714603152708ed5dcf7
    source:
      git: git@github.com:ok-home/logic_analyzer.git
      path: .
      type: git
    version: 2e9884d937ee220752d5d6347f2f8e195a809628
manifest_hash: 853596753eee9f4160718baa8aa92252f703d7acea6718d0c5036846349059c1
target: esp32
version: 1.0.0
