dependencies:
  espressif/esp-idf-cxx:
    component_hash: 2fa63e4e725f0c2d3dd6d99da8a91d404b4b49667088b1be0f336eb9c13ff17f
    source:
      service_url: https://api.components.espressif.com/
      type: service
    version: 1.0.2-beta
  espressif/esp_websocket_client:
    component_hash: d8ccaffac2871dc756bdc08d7ff0bfa2daa7db3d94b0c7bf714b1962efe5e7c9
    source:
      service_url: https://api.components.espressif.com/
      type: service
    version: 1.2.2
  espressif/mdns:
    component_hash: d96d277207c4fec77ec290b7a8b0ca4043e10f407df0ff6aa52e54a94f0c54a5
    source:
      service_url: https://api.components.espressif.com/
      type: service
    version: 1.2.4
  idf:
    component_hash: null
    source:
      type: idf
    version: 5.2.0
  nnctroboticsclub/libstm-ota:
    component_hash: 35384703867557268a5eba21a7938b25c8ab3f0a3ccfb6fa398377dee5f70d9d
    source:
      git: ssh://git@github.com/nnctroboticsclub/libstm-ota.git
      path: .
      type: git
    version: 2d0595c98ad3a487a6aca8a74fc0050f96d2e2f3
  nnctroboticsclub/stream-base:
    component_hash: a855f54e26f7d503d858baff5c0a8ccc152a84225540a32c6b2c5793970ca2dc
    source:
      git: ssh://git@github.com/nnctroboticsclub/stream-base.git
      path: .
      type: git
    version: 6442fc50226f2a96c994fa84cccf413be52a0f31
  ok-home/logic-analyzer:
    component_hash: 56fda909c4203b4651ee5eeb6170a1bf0adf45cb7e4f797ae4dd446f73c547bf
    source:
      git: git@github.com:ok-home/logic_analyzer.git
      path: .
      type: git
    version: f05cf8c8043760830fe5faeb9e994e1e1b4379e2
manifest_hash: 9e06a9e0926c339ca6a6f0123ed223a086849bcd45d6d1088fa656692b594602
target: esp32
version: 1.0.0
