dependencies:
  espressif/esp-idf-cxx:
    component_hash: 2fa63e4e725f0c2d3dd6d99da8a91d404b4b49667088b1be0f336eb9c13ff17f
    source:
      service_url: https://api.components.espressif.com/
      type: service
    version: 1.0.2-beta
  espressif/esp_websocket_client:
    component_hash: ae561d39222a399ddda5e470913c3d54a3c0f53dce15b8d21a3aaa4226dd74b1
    source:
      service_url: https://api.components.espressif.com/
      type: service
    version: 1.2.3
  espressif/mdns:
    component_hash: 9ff9c578fc3a5ea3c68e807233e47f2ce6b2492a92d7a9356ae5c29ab45f0fde
    source:
      service_url: https://api.components.espressif.com/
      type: service
    version: 1.3.0
  idf:
    component_hash: null
    source:
      type: idf
    version: 5.2.1
  nnctroboticsclub/libstm-ota:
    component_hash: null
    source:
      path: /workspaces/libstm-ota
      type: local
    version: 1.2.1
  nnctroboticsclub/stream-base:
    component_hash: a855f54e26f7d503d858baff5c0a8ccc152a84225540a32c6b2c5793970ca2dc
    source:
      git: ssh://git@github.com/nnctroboticsclub/stream-base.git
      path: .
      type: git
    version: 6442fc50226f2a96c994fa84cccf413be52a0f31
manifest_hash: ff0d481690286f1cc84c8ef09892911ab97563f54e591c242bf80a2ff8c5b917
target: esp32c3
version: 1.0.0
